lockfileVersion: '9.0'

settings:
  autoInstallPeers: true
  excludeLinksFromLockfile: false

importers:

  .:
    dependencies:
      '@radix-ui/react-accordion':
        specifier: ^1.2.4
        version: 1.2.4(@types/react@18.3.20)(react-dom@17.0.2(react@17.0.2))(react@17.0.2)
      '@radix-ui/react-scroll-area':
        specifier: ^1.2.4
        version: 1.2.4(@types/react@18.3.20)(react-dom@17.0.2(react@17.0.2))(react@17.0.2)
      class-variance-authority:
        specifier: ^0.7.1
        version: 0.7.1
      clsx:
        specifier: ^2.1.1
        version: 2.1.1
      lucide-react:
        specifier: ^0.487.0
        version: 0.487.0(react@17.0.2)
      react:
        specifier: ^17.0.2
        version: 17.0.2
      react-dom:
        specifier: ^17.0.2
        version: 17.0.2(react@17.0.2)
      tailwind-merge:
        specifier: ^2.6.0
        version: 2.6.0
      tailwindcss-animate:
        specifier: ^1.0.7
        version: 1.0.7
      use-resize-observer:
        specifier: ^9.1.0
        version: 9.1.0(react-dom@17.0.2(react@17.0.2))(react@17.0.2)
    devDependencies:
      '@types/react':
        specifier: ^18.3.20
        version: 18.3.20
      typescript:
        specifier: ^5.8.3
        version: 5.8.3

packages:

  '@juggle/resize-observer@3.4.0':
    resolution: {integrity: sha512-dfLbk+PwWvFzSxwk3n5ySL0hfBog779o8h68wK/7/APo/7cgyWp5jcXockbxdk5kFRkbeXWm4Fbi9FrdN381sA==}

  '@radix-ui/number@1.1.1':
    resolution: {integrity: sha512-MkKCwxlXTgz6CFoJx3pCwn07GKp36+aZyu/u2Ln2VrA5DcdyCZkASEDBTd8x5whTQQL5CiYf4prXKLcgQdv29g==}

  '@radix-ui/primitive@1.1.2':
    resolution: {integrity: sha512-XnbHrrprsNqZKQhStrSwgRUQzoCI1glLzdw79xiZPoofhGICeZRSQ3dIxAKH1gb3OHfNf4d6f+vAv3kil2eggA==}

  '@radix-ui/react-accordion@1.2.4':
    resolution: {integrity: sha512-SGCxlSBaMvEzDROzyZjsVNzu9XY5E28B3k8jOENyrz6csOv/pG1eHyYfLJai1n9tRjwG61coXDhfpgtxKxUv5g==}
    peerDependencies:
      '@types/react': '*'
      '@types/react-dom': '*'
      react: ^16.8 || ^17.0 || ^18.0 || ^19.0 || ^19.0.0-rc
      react-dom: ^16.8 || ^17.0 || ^18.0 || ^19.0 || ^19.0.0-rc
    peerDependenciesMeta:
      '@types/react':
        optional: true
      '@types/react-dom':
        optional: true

  '@radix-ui/react-collapsible@1.1.4':
    resolution: {integrity: sha512-u7LCw1EYInQtBNLGjm9nZ89S/4GcvX1UR5XbekEgnQae2Hkpq39ycJ1OhdeN1/JDfVNG91kWaWoest127TaEKQ==}
    peerDependencies:
      '@types/react': '*'
      '@types/react-dom': '*'
      react: ^16.8 || ^17.0 || ^18.0 || ^19.0 || ^19.0.0-rc
      react-dom: ^16.8 || ^17.0 || ^18.0 || ^19.0 || ^19.0.0-rc
    peerDependenciesMeta:
      '@types/react':
        optional: true
      '@types/react-dom':
        optional: true

  '@radix-ui/react-collection@1.1.3':
    resolution: {integrity: sha512-mM2pxoQw5HJ49rkzwOs7Y6J4oYH22wS8BfK2/bBxROlI4xuR0c4jEenQP63LlTlDkO6Buj2Vt+QYAYcOgqtrXA==}
    peerDependencies:
      '@types/react': '*'
      '@types/react-dom': '*'
      react: ^16.8 || ^17.0 || ^18.0 || ^19.0 || ^19.0.0-rc
      react-dom: ^16.8 || ^17.0 || ^18.0 || ^19.0 || ^19.0.0-rc
    peerDependenciesMeta:
      '@types/react':
        optional: true
      '@types/react-dom':
        optional: true

  '@radix-ui/react-compose-refs@1.1.2':
    resolution: {integrity: sha512-z4eqJvfiNnFMHIIvXP3CY57y2WJs5g2v3X0zm9mEJkrkNv4rDxu+sg9Jh8EkXyeqBkB7SOcboo9dMVqhyrACIg==}
    peerDependencies:
      '@types/react': '*'
      react: ^16.8 || ^17.0 || ^18.0 || ^19.0 || ^19.0.0-rc
    peerDependenciesMeta:
      '@types/react':
        optional: true

  '@radix-ui/react-context@1.1.2':
    resolution: {integrity: sha512-jCi/QKUM2r1Ju5a3J64TH2A5SpKAgh0LpknyqdQ4m6DCV0xJ2HG1xARRwNGPQfi1SLdLWZ1OJz6F4OMBBNiGJA==}
    peerDependencies:
      '@types/react': '*'
      react: ^16.8 || ^17.0 || ^18.0 || ^19.0 || ^19.0.0-rc
    peerDependenciesMeta:
      '@types/react':
        optional: true

  '@radix-ui/react-direction@1.1.1':
    resolution: {integrity: sha512-1UEWRX6jnOA2y4H5WczZ44gOOjTEmlqv1uNW4GAJEO5+bauCBhv8snY65Iw5/VOS/ghKN9gr2KjnLKxrsvoMVw==}
    peerDependencies:
      '@types/react': '*'
      react: ^16.8 || ^17.0 || ^18.0 || ^19.0 || ^19.0.0-rc
    peerDependenciesMeta:
      '@types/react':
        optional: true

  '@radix-ui/react-id@1.1.1':
    resolution: {integrity: sha512-kGkGegYIdQsOb4XjsfM97rXsiHaBwco+hFI66oO4s9LU+PLAC5oJ7khdOVFxkhsmlbpUqDAvXw11CluXP+jkHg==}
    peerDependencies:
      '@types/react': '*'
      react: ^16.8 || ^17.0 || ^18.0 || ^19.0 || ^19.0.0-rc
    peerDependenciesMeta:
      '@types/react':
        optional: true

  '@radix-ui/react-presence@1.1.3':
    resolution: {integrity: sha512-IrVLIhskYhH3nLvtcBLQFZr61tBG7wx7O3kEmdzcYwRGAEBmBicGGL7ATzNgruYJ3xBTbuzEEq9OXJM3PAX3tA==}
    peerDependencies:
      '@types/react': '*'
      '@types/react-dom': '*'
      react: ^16.8 || ^17.0 || ^18.0 || ^19.0 || ^19.0.0-rc
      react-dom: ^16.8 || ^17.0 || ^18.0 || ^19.0 || ^19.0.0-rc
    peerDependenciesMeta:
      '@types/react':
        optional: true
      '@types/react-dom':
        optional: true

  '@radix-ui/react-primitive@2.0.3':
    resolution: {integrity: sha512-Pf/t/GkndH7CQ8wE2hbkXA+WyZ83fhQQn5DDmwDiDo6AwN/fhaH8oqZ0jRjMrO2iaMhDi6P1HRx6AZwyMinY1g==}
    peerDependencies:
      '@types/react': '*'
      '@types/react-dom': '*'
      react: ^16.8 || ^17.0 || ^18.0 || ^19.0 || ^19.0.0-rc
      react-dom: ^16.8 || ^17.0 || ^18.0 || ^19.0 || ^19.0.0-rc
    peerDependenciesMeta:
      '@types/react':
        optional: true
      '@types/react-dom':
        optional: true

  '@radix-ui/react-scroll-area@1.2.4':
    resolution: {integrity: sha512-G9rdWTQjOR4sk76HwSdROhPU0jZWpfozn9skU1v4N0/g9k7TmswrJn8W8WMU+aYktnLLpk5LX6fofj2bGe5NFQ==}
    peerDependencies:
      '@types/react': '*'
      '@types/react-dom': '*'
      react: ^16.8 || ^17.0 || ^18.0 || ^19.0 || ^19.0.0-rc
      react-dom: ^16.8 || ^17.0 || ^18.0 || ^19.0 || ^19.0.0-rc
    peerDependenciesMeta:
      '@types/react':
        optional: true
      '@types/react-dom':
        optional: true

  '@radix-ui/react-slot@1.2.0':
    resolution: {integrity: sha512-ujc+V6r0HNDviYqIK3rW4ffgYiZ8g5DEHrGJVk4x7kTlLXRDILnKX9vAUYeIsLOoDpDJ0ujpqMkjH4w2ofuo6w==}
    peerDependencies:
      '@types/react': '*'
      react: ^16.8 || ^17.0 || ^18.0 || ^19.0 || ^19.0.0-rc
    peerDependenciesMeta:
      '@types/react':
        optional: true

  '@radix-ui/react-use-callback-ref@1.1.1':
    resolution: {integrity: sha512-FkBMwD+qbGQeMu1cOHnuGB6x4yzPjho8ap5WtbEJ26umhgqVXbhekKUQO+hZEL1vU92a3wHwdp0HAcqAUF5iDg==}
    peerDependencies:
      '@types/react': '*'
      react: ^16.8 || ^17.0 || ^18.0 || ^19.0 || ^19.0.0-rc
    peerDependenciesMeta:
      '@types/react':
        optional: true

  '@radix-ui/react-use-controllable-state@1.1.1':
    resolution: {integrity: sha512-YnEXIy8/ga01Y1PN0VfaNH//MhA91JlEGVBDxDzROqwrAtG5Yr2QGEPz8A/rJA3C7ZAHryOYGaUv8fLSW2H/mg==}
    peerDependencies:
      '@types/react': '*'
      react: ^16.8 || ^17.0 || ^18.0 || ^19.0 || ^19.0.0-rc
    peerDependenciesMeta:
      '@types/react':
        optional: true

  '@radix-ui/react-use-layout-effect@1.1.1':
    resolution: {integrity: sha512-RbJRS4UWQFkzHTTwVymMTUv8EqYhOp8dOOviLj2ugtTiXRaRQS7GLGxZTLL1jWhMeoSCf5zmcZkqTl9IiYfXcQ==}
    peerDependencies:
      '@types/react': '*'
      react: ^16.8 || ^17.0 || ^18.0 || ^19.0 || ^19.0.0-rc
    peerDependenciesMeta:
      '@types/react':
        optional: true

  '@types/prop-types@15.7.14':
    resolution: {integrity: sha512-gNMvNH49DJ7OJYv+KAKn0Xp45p8PLl6zo2YnvDIbTd4J6MER2BmWN49TG7n9LvkyihINxeKW8+3bfS2yDC9dzQ==}

  '@types/react@18.3.20':
    resolution: {integrity: sha512-IPaCZN7PShZK/3t6Q87pfTkRm6oLTd4vztyoj+cbHUF1g3FfVb2tFIL79uCRKEfv16AhqDMBywP2VW3KIZUvcg==}

  class-variance-authority@0.7.1:
    resolution: {integrity: sha512-Ka+9Trutv7G8M6WT6SeiRWz792K5qEqIGEGzXKhAE6xOWAY6pPH8U+9IY3oCMv6kqTmLsv7Xh/2w2RigkePMsg==}

  clsx@2.1.1:
    resolution: {integrity: sha512-eYm0QWBtUrBWZWG0d386OGAw16Z995PiOVo2B7bjWSbHedGl5e0ZWaq65kOGgUSNesEIDkB9ISbTg/JK9dhCZA==}
    engines: {node: '>=6'}

  csstype@3.1.3:
    resolution: {integrity: sha512-M1uQkMl8rQK/szD0LNhtqxIPLpimGm8sOBwU7lLnCpSbTyY3yeU1Vc7l4KT5zT4s/yOxHH5O7tIuuLOCnLADRw==}

  js-tokens@4.0.0:
    resolution: {integrity: sha512-RdJUflcE3cUzKiMqQgsCu06FPu9UdIJO0beYbPhHN4k6apgJtifcoCtT9bcxOpYBtpD2kCM6Sbzg4CausW/PKQ==}

  loose-envify@1.4.0:
    resolution: {integrity: sha512-lyuxPGr/Wfhrlem2CL/UcnUc1zcqKAImBDzukY7Y5F/yQiNdko6+fRLevlw1HgMySw7f611UIY408EtxRSoK3Q==}
    hasBin: true

  lucide-react@0.487.0:
    resolution: {integrity: sha512-aKqhOQ+YmFnwq8dWgGjOuLc8V1R9/c/yOd+zDY4+ohsR2Jo05lSGc3WsstYPIzcTpeosN7LoCkLReUUITvaIvw==}
    peerDependencies:
      react: ^16.5.1 || ^17.0.0 || ^18.0.0 || ^19.0.0

  object-assign@4.1.1:
    resolution: {integrity: sha512-rJgTQnkUnH1sFw8yT6VSU3zD3sWmu6sZhIseY8VX+GRu3P6F7Fu+JNDoXfklElbLJSnc3FUQHVe4cU5hj+BcUg==}
    engines: {node: '>=0.10.0'}

  react-dom@17.0.2:
    resolution: {integrity: sha512-s4h96KtLDUQlsENhMn1ar8t2bEa+q/YAtj8pPPdIjPDGBDIVNsrD9aXNWqspUe6AzKCIG0C1HZZLqLV7qpOBGA==}
    peerDependencies:
      react: 17.0.2

  react@17.0.2:
    resolution: {integrity: sha512-gnhPt75i/dq/z3/6q/0asP78D0u592D5L1pd7M8P+dck6Fu/jJeL6iVVK23fptSUZj8Vjf++7wXA8UNclGQcbA==}
    engines: {node: '>=0.10.0'}

  scheduler@0.20.2:
    resolution: {integrity: sha512-2eWfGgAqqWFGqtdMmcL5zCMK1U8KlXv8SQFGglL3CEtd0aDVDWgeF/YoCmvln55m5zSk3J/20hTaSBeSObsQDQ==}

  tailwind-merge@2.6.0:
    resolution: {integrity: sha512-P+Vu1qXfzediirmHOC3xKGAYeZtPcV9g76X+xg2FD4tYgR71ewMA35Y3sCz3zhiN/dwefRpJX0yBcgwi1fXNQA==}

  tailwindcss-animate@1.0.7:
    resolution: {integrity: sha512-bl6mpH3T7I3UFxuvDEXLxy/VuFxBk5bbzplh7tXI68mwMokNYd1t9qPBHlnyTwfa4JGC4zP516I1hYYtQ/vspA==}
    peerDependencies:
      tailwindcss: '>=3.0.0 || insiders'

  typescript@5.8.3:
    resolution: {integrity: sha512-p1diW6TqL9L07nNxvRMM7hMMw4c5XOo/1ibL4aAIGmSAt9slTE1Xgw5KWuof2uTOvCg9BY7ZRi+GaF+7sfgPeQ==}
    engines: {node: '>=14.17'}
    hasBin: true

  use-resize-observer@9.1.0:
    resolution: {integrity: sha512-R25VqO9Wb3asSD4eqtcxk8sJalvIOYBqS8MNZlpDSQ4l4xMQxC/J7Id9HoTqPq8FwULIn0PVW+OAqF2dyYbjow==}
    peerDependencies:
      react: 16.8.0 - 18
      react-dom: 16.8.0 - 18

snapshots:

  '@juggle/resize-observer@3.4.0': {}

  '@radix-ui/number@1.1.1': {}

  '@radix-ui/primitive@1.1.2': {}

  '@radix-ui/react-accordion@1.2.4(@types/react@18.3.20)(react-dom@17.0.2(react@17.0.2))(react@17.0.2)':
    dependencies:
      '@radix-ui/primitive': 1.1.2
      '@radix-ui/react-collapsible': 1.1.4(@types/react@18.3.20)(react-dom@17.0.2(react@17.0.2))(react@17.0.2)
      '@radix-ui/react-collection': 1.1.3(@types/react@18.3.20)(react-dom@17.0.2(react@17.0.2))(react@17.0.2)
      '@radix-ui/react-compose-refs': 1.1.2(@types/react@18.3.20)(react@17.0.2)
      '@radix-ui/react-context': 1.1.2(@types/react@18.3.20)(react@17.0.2)
      '@radix-ui/react-direction': 1.1.1(@types/react@18.3.20)(react@17.0.2)
      '@radix-ui/react-id': 1.1.1(@types/react@18.3.20)(react@17.0.2)
      '@radix-ui/react-primitive': 2.0.3(@types/react@18.3.20)(react-dom@17.0.2(react@17.0.2))(react@17.0.2)
      '@radix-ui/react-use-controllable-state': 1.1.1(@types/react@18.3.20)(react@17.0.2)
      react: 17.0.2
      react-dom: 17.0.2(react@17.0.2)
    optionalDependencies:
      '@types/react': 18.3.20

  '@radix-ui/react-collapsible@1.1.4(@types/react@18.3.20)(react-dom@17.0.2(react@17.0.2))(react@17.0.2)':
    dependencies:
      '@radix-ui/primitive': 1.1.2
      '@radix-ui/react-compose-refs': 1.1.2(@types/react@18.3.20)(react@17.0.2)
      '@radix-ui/react-context': 1.1.2(@types/react@18.3.20)(react@17.0.2)
      '@radix-ui/react-id': 1.1.1(@types/react@18.3.20)(react@17.0.2)
      '@radix-ui/react-presence': 1.1.3(@types/react@18.3.20)(react-dom@17.0.2(react@17.0.2))(react@17.0.2)
      '@radix-ui/react-primitive': 2.0.3(@types/react@18.3.20)(react-dom@17.0.2(react@17.0.2))(react@17.0.2)
      '@radix-ui/react-use-controllable-state': 1.1.1(@types/react@18.3.20)(react@17.0.2)
      '@radix-ui/react-use-layout-effect': 1.1.1(@types/react@18.3.20)(react@17.0.2)
      react: 17.0.2
      react-dom: 17.0.2(react@17.0.2)
    optionalDependencies:
      '@types/react': 18.3.20

  '@radix-ui/react-collection@1.1.3(@types/react@18.3.20)(react-dom@17.0.2(react@17.0.2))(react@17.0.2)':
    dependencies:
      '@radix-ui/react-compose-refs': 1.1.2(@types/react@18.3.20)(react@17.0.2)
      '@radix-ui/react-context': 1.1.2(@types/react@18.3.20)(react@17.0.2)
      '@radix-ui/react-primitive': 2.0.3(@types/react@18.3.20)(react-dom@17.0.2(react@17.0.2))(react@17.0.2)
      '@radix-ui/react-slot': 1.2.0(@types/react@18.3.20)(react@17.0.2)
      react: 17.0.2
      react-dom: 17.0.2(react@17.0.2)
    optionalDependencies:
      '@types/react': 18.3.20

  '@radix-ui/react-compose-refs@1.1.2(@types/react@18.3.20)(react@17.0.2)':
    dependencies:
      react: 17.0.2
    optionalDependencies:
      '@types/react': 18.3.20

  '@radix-ui/react-context@1.1.2(@types/react@18.3.20)(react@17.0.2)':
    dependencies:
      react: 17.0.2
    optionalDependencies:
      '@types/react': 18.3.20

  '@radix-ui/react-direction@1.1.1(@types/react@18.3.20)(react@17.0.2)':
    dependencies:
      react: 17.0.2
    optionalDependencies:
      '@types/react': 18.3.20

  '@radix-ui/react-id@1.1.1(@types/react@18.3.20)(react@17.0.2)':
    dependencies:
      '@radix-ui/react-use-layout-effect': 1.1.1(@types/react@18.3.20)(react@17.0.2)
      react: 17.0.2
    optionalDependencies:
      '@types/react': 18.3.20

  '@radix-ui/react-presence@1.1.3(@types/react@18.3.20)(react-dom@17.0.2(react@17.0.2))(react@17.0.2)':
    dependencies:
      '@radix-ui/react-compose-refs': 1.1.2(@types/react@18.3.20)(react@17.0.2)
      '@radix-ui/react-use-layout-effect': 1.1.1(@types/react@18.3.20)(react@17.0.2)
      react: 17.0.2
      react-dom: 17.0.2(react@17.0.2)
    optionalDependencies:
      '@types/react': 18.3.20

  '@radix-ui/react-primitive@2.0.3(@types/react@18.3.20)(react-dom@17.0.2(react@17.0.2))(react@17.0.2)':
    dependencies:
      '@radix-ui/react-slot': 1.2.0(@types/react@18.3.20)(react@17.0.2)
      react: 17.0.2
      react-dom: 17.0.2(react@17.0.2)
    optionalDependencies:
      '@types/react': 18.3.20

  '@radix-ui/react-scroll-area@1.2.4(@types/react@18.3.20)(react-dom@17.0.2(react@17.0.2))(react@17.0.2)':
    dependencies:
      '@radix-ui/number': 1.1.1
      '@radix-ui/primitive': 1.1.2
      '@radix-ui/react-compose-refs': 1.1.2(@types/react@18.3.20)(react@17.0.2)
      '@radix-ui/react-context': 1.1.2(@types/react@18.3.20)(react@17.0.2)
      '@radix-ui/react-direction': 1.1.1(@types/react@18.3.20)(react@17.0.2)
      '@radix-ui/react-presence': 1.1.3(@types/react@18.3.20)(react-dom@17.0.2(react@17.0.2))(react@17.0.2)
      '@radix-ui/react-primitive': 2.0.3(@types/react@18.3.20)(react-dom@17.0.2(react@17.0.2))(react@17.0.2)
      '@radix-ui/react-use-callback-ref': 1.1.1(@types/react@18.3.20)(react@17.0.2)
      '@radix-ui/react-use-layout-effect': 1.1.1(@types/react@18.3.20)(react@17.0.2)
      react: 17.0.2
      react-dom: 17.0.2(react@17.0.2)
    optionalDependencies:
      '@types/react': 18.3.20

  '@radix-ui/react-slot@1.2.0(@types/react@18.3.20)(react@17.0.2)':
    dependencies:
      '@radix-ui/react-compose-refs': 1.1.2(@types/react@18.3.20)(react@17.0.2)
      react: 17.0.2
    optionalDependencies:
      '@types/react': 18.3.20

  '@radix-ui/react-use-callback-ref@1.1.1(@types/react@18.3.20)(react@17.0.2)':
    dependencies:
      react: 17.0.2
    optionalDependencies:
      '@types/react': 18.3.20

  '@radix-ui/react-use-controllable-state@1.1.1(@types/react@18.3.20)(react@17.0.2)':
    dependencies:
      '@radix-ui/react-use-callback-ref': 1.1.1(@types/react@18.3.20)(react@17.0.2)
      react: 17.0.2
    optionalDependencies:
      '@types/react': 18.3.20

  '@radix-ui/react-use-layout-effect@1.1.1(@types/react@18.3.20)(react@17.0.2)':
    dependencies:
      react: 17.0.2
    optionalDependencies:
      '@types/react': 18.3.20

  '@types/prop-types@15.7.14': {}

  '@types/react@18.3.20':
    dependencies:
      '@types/prop-types': 15.7.14
      csstype: 3.1.3

  class-variance-authority@0.7.1:
    dependencies:
      clsx: 2.1.1

  clsx@2.1.1: {}

  csstype@3.1.3: {}

  js-tokens@4.0.0: {}

  loose-envify@1.4.0:
    dependencies:
      js-tokens: 4.0.0

  lucide-react@0.487.0(react@17.0.2):
    dependencies:
      react: 17.0.2

  object-assign@4.1.1: {}

  react-dom@17.0.2(react@17.0.2):
    dependencies:
      loose-envify: 1.4.0
      object-assign: 4.1.1
      react: 17.0.2
      scheduler: 0.20.2

  react@17.0.2:
    dependencies:
      loose-envify: 1.4.0
      object-assign: 4.1.1

  scheduler@0.20.2:
    dependencies:
      loose-envify: 1.4.0
      object-assign: 4.1.1

  tailwind-merge@2.6.0: {}

  tailwindcss-animate@1.0.7: {}

  typescript@5.8.3: {}

  use-resize-observer@9.1.0(react-dom@17.0.2(react@17.0.2))(react@17.0.2):
    dependencies:
      '@juggle/resize-observer': 3.4.0
      react: 17.0.2
      react-dom: 17.0.2(react@17.0.2)
