lockfileVersion: '9.0'

settings:
  autoInstallPeers: true
  excludeLinksFromLockfile: false

importers:

  .:
    dependencies:
      '@radix-ui/react-accordion':
        specifier: ^1.2.0
        version: 1.2.0(@types/react@18.3.5)(react-dom@17.0.2(react@17.0.2))(react@17.0.2)
      '@radix-ui/react-icons':
        specifier: ^1.3.0
        version: 1.3.0(react@17.0.2)
      '@radix-ui/react-scroll-area':
        specifier: ^1.1.0
        version: 1.1.0(@types/react@18.3.5)(react-dom@17.0.2(react@17.0.2))(react@17.0.2)
      '@radix-ui/react-select':
        specifier: ^2.1.1
        version: 2.1.1(@types/react@18.3.5)(react-dom@17.0.2(react@17.0.2))(react@17.0.2)
      class-variance-authority:
        specifier: ^0.7.0
        version: 0.7.0
      clsx:
        specifier: ^2.1.1
        version: 2.1.1
      lucide-react:
        specifier: ^0.439.0
        version: 0.439.0(react@17.0.2)
      react:
        specifier: ^17.0.2
        version: 17.0.2
      react-dom:
        specifier: ^17.0.2
        version: 17.0.2(react@17.0.2)
      tailwind-merge:
        specifier: ^2.5.2
        version: 2.5.2
      tailwindcss-animate:
        specifier: ^1.0.7
        version: 1.0.7
      use-resize-observer:
        specifier: ^9.1.0
        version: 9.1.0(react-dom@17.0.2(react@17.0.2))(react@17.0.2)
    devDependencies:
      '@types/react':
        specifier: ^18.3.5
        version: 18.3.5
      typescript:
        specifier: ^5.5.4
        version: 5.6.2

packages:

  '@floating-ui/core@1.6.7':
    resolution: {integrity: sha512-yDzVT/Lm101nQ5TCVeK65LtdN7Tj4Qpr9RTXJ2vPFLqtLxwOrpoxAHAJI8J3yYWUc40J0BDBheaitK5SJmno2g==}

  '@floating-ui/dom@1.6.10':
    resolution: {integrity: sha512-fskgCFv8J8OamCmyun8MfjB1Olfn+uZKjOKZ0vhYF3gRmEUXcGOjxWL8bBr7i4kIuPZ2KD2S3EUIOxnjC8kl2A==}

  '@floating-ui/react-dom@2.1.1':
    resolution: {integrity: sha512-4h84MJt3CHrtG18mGsXuLCHMrug49d7DFkU0RMIyshRveBeyV2hmV/pDaF2Uxtu8kgq5r46llp5E5FQiR0K2Yg==}
    peerDependencies:
      react: '>=16.8.0'
      react-dom: '>=16.8.0'

  '@floating-ui/utils@0.2.7':
    resolution: {integrity: sha512-X8R8Oj771YRl/w+c1HqAC1szL8zWQRwFvgDwT129k9ACdBoud/+/rX9V0qiMl6LWUdP9voC2nDVZYPMQQsb6eA==}

  '@juggle/resize-observer@3.4.0':
    resolution: {integrity: sha512-dfLbk+PwWvFzSxwk3n5ySL0hfBog779o8h68wK/7/APo/7cgyWp5jcXockbxdk5kFRkbeXWm4Fbi9FrdN381sA==}

  '@radix-ui/number@1.1.0':
    resolution: {integrity: sha512-V3gRzhVNU1ldS5XhAPTom1fOIo4ccrjjJgmE+LI2h/WaFpHmx0MQApT+KZHnx8abG6Avtfcz4WoEciMnpFT3HQ==}

  '@radix-ui/primitive@1.1.0':
    resolution: {integrity: sha512-4Z8dn6Upk0qk4P74xBhZ6Hd/w0mPEzOOLxy4xiPXOXqjF7jZS0VAKk7/x/H6FyY2zCkYJqePf1G5KmkmNJ4RBA==}

  '@radix-ui/react-accordion@1.2.0':
    resolution: {integrity: sha512-HJOzSX8dQqtsp/3jVxCU3CXEONF7/2jlGAB28oX8TTw1Dz8JYbEI1UcL8355PuLBE41/IRRMvCw7VkiK/jcUOQ==}
    peerDependencies:
      '@types/react': '*'
      '@types/react-dom': '*'
      react: ^16.8 || ^17.0 || ^18.0 || ^19.0 || ^19.0.0-rc
      react-dom: ^16.8 || ^17.0 || ^18.0 || ^19.0 || ^19.0.0-rc
    peerDependenciesMeta:
      '@types/react':
        optional: true
      '@types/react-dom':
        optional: true

  '@radix-ui/react-arrow@1.1.0':
    resolution: {integrity: sha512-FmlW1rCg7hBpEBwFbjHwCW6AmWLQM6g/v0Sn8XbP9NvmSZ2San1FpQeyPtufzOMSIx7Y4dzjlHoifhp+7NkZhw==}
    peerDependencies:
      '@types/react': '*'
      '@types/react-dom': '*'
      react: ^16.8 || ^17.0 || ^18.0 || ^19.0 || ^19.0.0-rc
      react-dom: ^16.8 || ^17.0 || ^18.0 || ^19.0 || ^19.0.0-rc
    peerDependenciesMeta:
      '@types/react':
        optional: true
      '@types/react-dom':
        optional: true

  '@radix-ui/react-collapsible@1.1.0':
    resolution: {integrity: sha512-zQY7Epa8sTL0mq4ajSJpjgn2YmCgyrG7RsQgLp3C0LQVkG7+Tf6Pv1CeNWZLyqMjhdPkBa5Lx7wYBeSu7uCSTA==}
    peerDependencies:
      '@types/react': '*'
      '@types/react-dom': '*'
      react: ^16.8 || ^17.0 || ^18.0 || ^19.0 || ^19.0.0-rc
      react-dom: ^16.8 || ^17.0 || ^18.0 || ^19.0 || ^19.0.0-rc
    peerDependenciesMeta:
      '@types/react':
        optional: true
      '@types/react-dom':
        optional: true

  '@radix-ui/react-collection@1.1.0':
    resolution: {integrity: sha512-GZsZslMJEyo1VKm5L1ZJY8tGDxZNPAoUeQUIbKeJfoi7Q4kmig5AsgLMYYuyYbfjd8fBmFORAIwYAkXMnXZgZw==}
    peerDependencies:
      '@types/react': '*'
      '@types/react-dom': '*'
      react: ^16.8 || ^17.0 || ^18.0 || ^19.0 || ^19.0.0-rc
      react-dom: ^16.8 || ^17.0 || ^18.0 || ^19.0 || ^19.0.0-rc
    peerDependenciesMeta:
      '@types/react':
        optional: true
      '@types/react-dom':
        optional: true

  '@radix-ui/react-compose-refs@1.1.0':
    resolution: {integrity: sha512-b4inOtiaOnYf9KWyO3jAeeCG6FeyfY6ldiEPanbUjWd+xIk5wZeHa8yVwmrJ2vderhu/BQvzCrJI0lHd+wIiqw==}
    peerDependencies:
      '@types/react': '*'
      react: ^16.8 || ^17.0 || ^18.0 || ^19.0 || ^19.0.0-rc
    peerDependenciesMeta:
      '@types/react':
        optional: true

  '@radix-ui/react-context@1.1.0':
    resolution: {integrity: sha512-OKrckBy+sMEgYM/sMmqmErVn0kZqrHPJze+Ql3DzYsDDp0hl0L62nx/2122/Bvps1qz645jlcu2tD9lrRSdf8A==}
    peerDependencies:
      '@types/react': '*'
      react: ^16.8 || ^17.0 || ^18.0 || ^19.0 || ^19.0.0-rc
    peerDependenciesMeta:
      '@types/react':
        optional: true

  '@radix-ui/react-direction@1.1.0':
    resolution: {integrity: sha512-BUuBvgThEiAXh2DWu93XsT+a3aWrGqolGlqqw5VU1kG7p/ZH2cuDlM1sRLNnY3QcBS69UIz2mcKhMxDsdewhjg==}
    peerDependencies:
      '@types/react': '*'
      react: ^16.8 || ^17.0 || ^18.0 || ^19.0 || ^19.0.0-rc
    peerDependenciesMeta:
      '@types/react':
        optional: true

  '@radix-ui/react-dismissable-layer@1.1.0':
    resolution: {integrity: sha512-/UovfmmXGptwGcBQawLzvn2jOfM0t4z3/uKffoBlj724+n3FvBbZ7M0aaBOmkp6pqFYpO4yx8tSVJjx3Fl2jig==}
    peerDependencies:
      '@types/react': '*'
      '@types/react-dom': '*'
      react: ^16.8 || ^17.0 || ^18.0 || ^19.0 || ^19.0.0-rc
      react-dom: ^16.8 || ^17.0 || ^18.0 || ^19.0 || ^19.0.0-rc
    peerDependenciesMeta:
      '@types/react':
        optional: true
      '@types/react-dom':
        optional: true

  '@radix-ui/react-focus-guards@1.1.0':
    resolution: {integrity: sha512-w6XZNUPVv6xCpZUqb/yN9DL6auvpGX3C/ee6Hdi16v2UUy25HV2Q5bcflsiDyT/g5RwbPQ/GIT1vLkeRb+ITBw==}
    peerDependencies:
      '@types/react': '*'
      react: ^16.8 || ^17.0 || ^18.0 || ^19.0 || ^19.0.0-rc
    peerDependenciesMeta:
      '@types/react':
        optional: true

  '@radix-ui/react-focus-scope@1.1.0':
    resolution: {integrity: sha512-200UD8zylvEyL8Bx+z76RJnASR2gRMuxlgFCPAe/Q/679a/r0eK3MBVYMb7vZODZcffZBdob1EGnky78xmVvcA==}
    peerDependencies:
      '@types/react': '*'
      '@types/react-dom': '*'
      react: ^16.8 || ^17.0 || ^18.0 || ^19.0 || ^19.0.0-rc
      react-dom: ^16.8 || ^17.0 || ^18.0 || ^19.0 || ^19.0.0-rc
    peerDependenciesMeta:
      '@types/react':
        optional: true
      '@types/react-dom':
        optional: true

  '@radix-ui/react-icons@1.3.0':
    resolution: {integrity: sha512-jQxj/0LKgp+j9BiTXz3O3sgs26RNet2iLWmsPyRz2SIcR4q/4SbazXfnYwbAr+vLYKSfc7qxzyGQA1HLlYiuNw==}
    peerDependencies:
      react: ^16.x || ^17.x || ^18.x

  '@radix-ui/react-id@1.1.0':
    resolution: {integrity: sha512-EJUrI8yYh7WOjNOqpoJaf1jlFIH2LvtgAl+YcFqNCa+4hj64ZXmPkAKOFs/ukjz3byN6bdb/AVUqHkI8/uWWMA==}
    peerDependencies:
      '@types/react': '*'
      react: ^16.8 || ^17.0 || ^18.0 || ^19.0 || ^19.0.0-rc
    peerDependenciesMeta:
      '@types/react':
        optional: true

  '@radix-ui/react-popper@1.2.0':
    resolution: {integrity: sha512-ZnRMshKF43aBxVWPWvbj21+7TQCvhuULWJ4gNIKYpRlQt5xGRhLx66tMp8pya2UkGHTSlhpXwmjqltDYHhw7Vg==}
    peerDependencies:
      '@types/react': '*'
      '@types/react-dom': '*'
      react: ^16.8 || ^17.0 || ^18.0 || ^19.0 || ^19.0.0-rc
      react-dom: ^16.8 || ^17.0 || ^18.0 || ^19.0 || ^19.0.0-rc
    peerDependenciesMeta:
      '@types/react':
        optional: true
      '@types/react-dom':
        optional: true

  '@radix-ui/react-portal@1.1.1':
    resolution: {integrity: sha512-A3UtLk85UtqhzFqtoC8Q0KvR2GbXF3mtPgACSazajqq6A41mEQgo53iPzY4i6BwDxlIFqWIhiQ2G729n+2aw/g==}
    peerDependencies:
      '@types/react': '*'
      '@types/react-dom': '*'
      react: ^16.8 || ^17.0 || ^18.0 || ^19.0 || ^19.0.0-rc
      react-dom: ^16.8 || ^17.0 || ^18.0 || ^19.0 || ^19.0.0-rc
    peerDependenciesMeta:
      '@types/react':
        optional: true
      '@types/react-dom':
        optional: true

  '@radix-ui/react-presence@1.1.0':
    resolution: {integrity: sha512-Gq6wuRN/asf9H/E/VzdKoUtT8GC9PQc9z40/vEr0VCJ4u5XvvhWIrSsCB6vD2/cH7ugTdSfYq9fLJCcM00acrQ==}
    peerDependencies:
      '@types/react': '*'
      '@types/react-dom': '*'
      react: ^16.8 || ^17.0 || ^18.0 || ^19.0 || ^19.0.0-rc
      react-dom: ^16.8 || ^17.0 || ^18.0 || ^19.0 || ^19.0.0-rc
    peerDependenciesMeta:
      '@types/react':
        optional: true
      '@types/react-dom':
        optional: true

  '@radix-ui/react-primitive@2.0.0':
    resolution: {integrity: sha512-ZSpFm0/uHa8zTvKBDjLFWLo8dkr4MBsiDLz0g3gMUwqgLHz9rTaRRGYDgvZPtBJgYCBKXkS9fzmoySgr8CO6Cw==}
    peerDependencies:
      '@types/react': '*'
      '@types/react-dom': '*'
      react: ^16.8 || ^17.0 || ^18.0 || ^19.0 || ^19.0.0-rc
      react-dom: ^16.8 || ^17.0 || ^18.0 || ^19.0 || ^19.0.0-rc
    peerDependenciesMeta:
      '@types/react':
        optional: true
      '@types/react-dom':
        optional: true

  '@radix-ui/react-scroll-area@1.1.0':
    resolution: {integrity: sha512-9ArIZ9HWhsrfqS765h+GZuLoxaRHD/j0ZWOWilsCvYTpYJp8XwCqNG7Dt9Nu/TItKOdgLGkOPCodQvDc+UMwYg==}
    peerDependencies:
      '@types/react': '*'
      '@types/react-dom': '*'
      react: ^16.8 || ^17.0 || ^18.0 || ^19.0 || ^19.0.0-rc
      react-dom: ^16.8 || ^17.0 || ^18.0 || ^19.0 || ^19.0.0-rc
    peerDependenciesMeta:
      '@types/react':
        optional: true
      '@types/react-dom':
        optional: true

  '@radix-ui/react-select@2.1.1':
    resolution: {integrity: sha512-8iRDfyLtzxlprOo9IicnzvpsO1wNCkuwzzCM+Z5Rb5tNOpCdMvcc2AkzX0Fz+Tz9v6NJ5B/7EEgyZveo4FBRfQ==}
    peerDependencies:
      '@types/react': '*'
      '@types/react-dom': '*'
      react: ^16.8 || ^17.0 || ^18.0 || ^19.0 || ^19.0.0-rc
      react-dom: ^16.8 || ^17.0 || ^18.0 || ^19.0 || ^19.0.0-rc
    peerDependenciesMeta:
      '@types/react':
        optional: true
      '@types/react-dom':
        optional: true

  '@radix-ui/react-slot@1.1.0':
    resolution: {integrity: sha512-FUCf5XMfmW4dtYl69pdS4DbxKy8nj4M7SafBgPllysxmdachynNflAdp/gCsnYWNDnge6tI9onzMp5ARYc1KNw==}
    peerDependencies:
      '@types/react': '*'
      react: ^16.8 || ^17.0 || ^18.0 || ^19.0 || ^19.0.0-rc
    peerDependenciesMeta:
      '@types/react':
        optional: true

  '@radix-ui/react-use-callback-ref@1.1.0':
    resolution: {integrity: sha512-CasTfvsy+frcFkbXtSJ2Zu9JHpN8TYKxkgJGWbjiZhFivxaeW7rMeZt7QELGVLaYVfFMsKHjb7Ak0nMEe+2Vfw==}
    peerDependencies:
      '@types/react': '*'
      react: ^16.8 || ^17.0 || ^18.0 || ^19.0 || ^19.0.0-rc
    peerDependenciesMeta:
      '@types/react':
        optional: true

  '@radix-ui/react-use-controllable-state@1.1.0':
    resolution: {integrity: sha512-MtfMVJiSr2NjzS0Aa90NPTnvTSg6C/JLCV7ma0W6+OMV78vd8OyRpID+Ng9LxzsPbLeuBnWBA1Nq30AtBIDChw==}
    peerDependencies:
      '@types/react': '*'
      react: ^16.8 || ^17.0 || ^18.0 || ^19.0 || ^19.0.0-rc
    peerDependenciesMeta:
      '@types/react':
        optional: true

  '@radix-ui/react-use-escape-keydown@1.1.0':
    resolution: {integrity: sha512-L7vwWlR1kTTQ3oh7g1O0CBF3YCyyTj8NmhLR+phShpyA50HCfBFKVJTpshm9PzLiKmehsrQzTYTpX9HvmC9rhw==}
    peerDependencies:
      '@types/react': '*'
      react: ^16.8 || ^17.0 || ^18.0 || ^19.0 || ^19.0.0-rc
    peerDependenciesMeta:
      '@types/react':
        optional: true

  '@radix-ui/react-use-layout-effect@1.1.0':
    resolution: {integrity: sha512-+FPE0rOdziWSrH9athwI1R0HDVbWlEhd+FR+aSDk4uWGmSJ9Z54sdZVDQPZAinJhJXwfT+qnj969mCsT2gfm5w==}
    peerDependencies:
      '@types/react': '*'
      react: ^16.8 || ^17.0 || ^18.0 || ^19.0 || ^19.0.0-rc
    peerDependenciesMeta:
      '@types/react':
        optional: true

  '@radix-ui/react-use-previous@1.1.0':
    resolution: {integrity: sha512-Z/e78qg2YFnnXcW88A4JmTtm4ADckLno6F7OXotmkQfeuCVaKuYzqAATPhVzl3delXE7CxIV8shofPn3jPc5Og==}
    peerDependencies:
      '@types/react': '*'
      react: ^16.8 || ^17.0 || ^18.0 || ^19.0 || ^19.0.0-rc
    peerDependenciesMeta:
      '@types/react':
        optional: true

  '@radix-ui/react-use-rect@1.1.0':
    resolution: {integrity: sha512-0Fmkebhr6PiseyZlYAOtLS+nb7jLmpqTrJyv61Pe68MKYW6OWdRE2kI70TaYY27u7H0lajqM3hSMMLFq18Z7nQ==}
    peerDependencies:
      '@types/react': '*'
      react: ^16.8 || ^17.0 || ^18.0 || ^19.0 || ^19.0.0-rc
    peerDependenciesMeta:
      '@types/react':
        optional: true

  '@radix-ui/react-use-size@1.1.0':
    resolution: {integrity: sha512-XW3/vWuIXHa+2Uwcc2ABSfcCledmXhhQPlGbfcRXbiUQI5Icjcg19BGCZVKKInYbvUCut/ufbbLLPFC5cbb1hw==}
    peerDependencies:
      '@types/react': '*'
      react: ^16.8 || ^17.0 || ^18.0 || ^19.0 || ^19.0.0-rc
    peerDependenciesMeta:
      '@types/react':
        optional: true

  '@radix-ui/react-visually-hidden@1.1.0':
    resolution: {integrity: sha512-N8MDZqtgCgG5S3aV60INAB475osJousYpZ4cTJ2cFbMpdHS5Y6loLTH8LPtkj2QN0x93J30HT/M3qJXM0+lyeQ==}
    peerDependencies:
      '@types/react': '*'
      '@types/react-dom': '*'
      react: ^16.8 || ^17.0 || ^18.0 || ^19.0 || ^19.0.0-rc
      react-dom: ^16.8 || ^17.0 || ^18.0 || ^19.0 || ^19.0.0-rc
    peerDependenciesMeta:
      '@types/react':
        optional: true
      '@types/react-dom':
        optional: true

  '@radix-ui/rect@1.1.0':
    resolution: {integrity: sha512-A9+lCBZoaMJlVKcRBz2YByCG+Cp2t6nAnMnNba+XiWxnj6r4JUFqfsgwocMBZU9LPtdxC6wB56ySYpc7LQIoJg==}

  '@types/prop-types@15.7.12':
    resolution: {integrity: sha512-5zvhXYtRNRluoE/jAp4GVsSduVUzNWKkOZrCDBWYtE7biZywwdC2AcEzg+cSMLFRfVgeAFqpfNabiPjxFddV1Q==}

  '@types/react@18.3.5':
    resolution: {integrity: sha512-WeqMfGJLGuLCqHGYRGHxnKrXcTitc6L/nBUWfWPcTarG3t9PsquqUMuVeXZeca+mglY4Vo5GZjCi0A3Or2lnxA==}

  aria-hidden@1.2.4:
    resolution: {integrity: sha512-y+CcFFwelSXpLZk/7fMB2mUbGtX9lKycf1MWJ7CaTIERyitVlyQx6C+sxcROU2BAJ24OiZyK+8wj2i8AlBoS3A==}
    engines: {node: '>=10'}

  class-variance-authority@0.7.0:
    resolution: {integrity: sha512-jFI8IQw4hczaL4ALINxqLEXQbWcNjoSkloa4IaufXCJr6QawJyw7tuRysRsrE8w2p/4gGaxKIt/hX3qz/IbD1A==}

  clsx@2.0.0:
    resolution: {integrity: sha512-rQ1+kcj+ttHG0MKVGBUXwayCCF1oh39BF5COIpRzuCEv8Mwjv0XucrI2ExNTOn9IlLifGClWQcU9BrZORvtw6Q==}
    engines: {node: '>=6'}

  clsx@2.1.1:
    resolution: {integrity: sha512-eYm0QWBtUrBWZWG0d386OGAw16Z995PiOVo2B7bjWSbHedGl5e0ZWaq65kOGgUSNesEIDkB9ISbTg/JK9dhCZA==}
    engines: {node: '>=6'}

  csstype@3.1.3:
    resolution: {integrity: sha512-M1uQkMl8rQK/szD0LNhtqxIPLpimGm8sOBwU7lLnCpSbTyY3yeU1Vc7l4KT5zT4s/yOxHH5O7tIuuLOCnLADRw==}

  detect-node-es@1.1.0:
    resolution: {integrity: sha512-ypdmJU/TbBby2Dxibuv7ZLW3Bs1QEmM7nHjEANfohJLvE0XVujisn1qPJcZxg+qDucsr+bP6fLD1rPS3AhJ7EQ==}

  get-nonce@1.0.1:
    resolution: {integrity: sha512-FJhYRoDaiatfEkUK8HKlicmu/3SGFD51q3itKDGoSTysQJBnfOcxU5GxnhE1E6soB76MbT0MBtnKJuXyAx+96Q==}
    engines: {node: '>=6'}

  invariant@2.2.4:
    resolution: {integrity: sha512-phJfQVBuaJM5raOpJjSfkiD6BpbCE4Ns//LaXl6wGYtUBY83nWS6Rf9tXm2e8VaK60JEjYldbPif/A2B1C2gNA==}

  js-tokens@4.0.0:
    resolution: {integrity: sha512-RdJUflcE3cUzKiMqQgsCu06FPu9UdIJO0beYbPhHN4k6apgJtifcoCtT9bcxOpYBtpD2kCM6Sbzg4CausW/PKQ==}

  loose-envify@1.4.0:
    resolution: {integrity: sha512-lyuxPGr/Wfhrlem2CL/UcnUc1zcqKAImBDzukY7Y5F/yQiNdko6+fRLevlw1HgMySw7f611UIY408EtxRSoK3Q==}
    hasBin: true

  lucide-react@0.439.0:
    resolution: {integrity: sha512-PafSWvDTpxdtNEndS2HIHxcNAbd54OaqSYJO90/b63rab2HWYqDbH194j0i82ZFdWOAcf0AHinRykXRRK2PJbw==}
    peerDependencies:
      react: ^16.5.1 || ^17.0.0 || ^18.0.0 || ^19.0.0-rc

  object-assign@4.1.1:
    resolution: {integrity: sha512-rJgTQnkUnH1sFw8yT6VSU3zD3sWmu6sZhIseY8VX+GRu3P6F7Fu+JNDoXfklElbLJSnc3FUQHVe4cU5hj+BcUg==}
    engines: {node: '>=0.10.0'}

  react-dom@17.0.2:
    resolution: {integrity: sha512-s4h96KtLDUQlsENhMn1ar8t2bEa+q/YAtj8pPPdIjPDGBDIVNsrD9aXNWqspUe6AzKCIG0C1HZZLqLV7qpOBGA==}
    peerDependencies:
      react: 17.0.2

  react-remove-scroll-bar@2.3.6:
    resolution: {integrity: sha512-DtSYaao4mBmX+HDo5YWYdBWQwYIQQshUV/dVxFxK+KM26Wjwp1gZ6rv6OC3oujI6Bfu6Xyg3TwK533AQutsn/g==}
    engines: {node: '>=10'}
    peerDependencies:
      '@types/react': ^16.8.0 || ^17.0.0 || ^18.0.0
      react: ^16.8.0 || ^17.0.0 || ^18.0.0
    peerDependenciesMeta:
      '@types/react':
        optional: true

  react-remove-scroll@2.5.7:
    resolution: {integrity: sha512-FnrTWO4L7/Bhhf3CYBNArEG/yROV0tKmTv7/3h9QCFvH6sndeFf1wPqOcbFVu5VAulS5dV1wGT3GZZ/1GawqiA==}
    engines: {node: '>=10'}
    peerDependencies:
      '@types/react': ^16.8.0 || ^17.0.0 || ^18.0.0
      react: ^16.8.0 || ^17.0.0 || ^18.0.0
    peerDependenciesMeta:
      '@types/react':
        optional: true

  react-style-singleton@2.2.1:
    resolution: {integrity: sha512-ZWj0fHEMyWkHzKYUr2Bs/4zU6XLmq9HsgBURm7g5pAVfyn49DgUiNgY2d4lXRlYSiCif9YBGpQleewkcqddc7g==}
    engines: {node: '>=10'}
    peerDependencies:
      '@types/react': ^16.8.0 || ^17.0.0 || ^18.0.0
      react: ^16.8.0 || ^17.0.0 || ^18.0.0
    peerDependenciesMeta:
      '@types/react':
        optional: true

  react@17.0.2:
    resolution: {integrity: sha512-gnhPt75i/dq/z3/6q/0asP78D0u592D5L1pd7M8P+dck6Fu/jJeL6iVVK23fptSUZj8Vjf++7wXA8UNclGQcbA==}
    engines: {node: '>=0.10.0'}

  scheduler@0.20.2:
    resolution: {integrity: sha512-2eWfGgAqqWFGqtdMmcL5zCMK1U8KlXv8SQFGglL3CEtd0aDVDWgeF/YoCmvln55m5zSk3J/20hTaSBeSObsQDQ==}

  tailwind-merge@2.5.2:
    resolution: {integrity: sha512-kjEBm+pvD+6eAwzJL2Bi+02/9LFLal1Gs61+QB7HvTfQQ0aXwC5LGT8PEt1gS0CWKktKe6ysPTAy3cBC5MeiIg==}

  tailwindcss-animate@1.0.7:
    resolution: {integrity: sha512-bl6mpH3T7I3UFxuvDEXLxy/VuFxBk5bbzplh7tXI68mwMokNYd1t9qPBHlnyTwfa4JGC4zP516I1hYYtQ/vspA==}
    peerDependencies:
      tailwindcss: '>=3.0.0 || insiders'

  tslib@2.7.0:
    resolution: {integrity: sha512-gLXCKdN1/j47AiHiOkJN69hJmcbGTHI0ImLmbYLHykhgeN0jVGola9yVjFgzCUklsZQMW55o+dW7IXv3RCXDzA==}

  typescript@5.6.2:
    resolution: {integrity: sha512-NW8ByodCSNCwZeghjN3o+JX5OFH0Ojg6sadjEKY4huZ52TqbJTJnDo5+Tw98lSy63NZvi4n+ez5m2u5d4PkZyw==}
    engines: {node: '>=14.17'}
    hasBin: true

  use-callback-ref@1.3.2:
    resolution: {integrity: sha512-elOQwe6Q8gqZgDA8mrh44qRTQqpIHDcZ3hXTLjBe1i4ph8XpNJnO+aQf3NaG+lriLopI4HMx9VjQLfPQ6vhnoA==}
    engines: {node: '>=10'}
    peerDependencies:
      '@types/react': ^16.8.0 || ^17.0.0 || ^18.0.0
      react: ^16.8.0 || ^17.0.0 || ^18.0.0
    peerDependenciesMeta:
      '@types/react':
        optional: true

  use-resize-observer@9.1.0:
    resolution: {integrity: sha512-R25VqO9Wb3asSD4eqtcxk8sJalvIOYBqS8MNZlpDSQ4l4xMQxC/J7Id9HoTqPq8FwULIn0PVW+OAqF2dyYbjow==}
    peerDependencies:
      react: 16.8.0 - 18
      react-dom: 16.8.0 - 18

  use-sidecar@1.1.2:
    resolution: {integrity: sha512-epTbsLuzZ7lPClpz2TyryBfztm7m+28DlEv2ZCQ3MDr5ssiwyOwGH/e5F9CkfWjJ1t4clvI58yF822/GUkjjhw==}
    engines: {node: '>=10'}
    peerDependencies:
      '@types/react': ^16.9.0 || ^17.0.0 || ^18.0.0
      react: ^16.8.0 || ^17.0.0 || ^18.0.0
    peerDependenciesMeta:
      '@types/react':
        optional: true

snapshots:

  '@floating-ui/core@1.6.7':
    dependencies:
      '@floating-ui/utils': 0.2.7

  '@floating-ui/dom@1.6.10':
    dependencies:
      '@floating-ui/core': 1.6.7
      '@floating-ui/utils': 0.2.7

  '@floating-ui/react-dom@2.1.1(react-dom@17.0.2(react@17.0.2))(react@17.0.2)':
    dependencies:
      '@floating-ui/dom': 1.6.10
      react: 17.0.2
      react-dom: 17.0.2(react@17.0.2)

  '@floating-ui/utils@0.2.7': {}

  '@juggle/resize-observer@3.4.0': {}

  '@radix-ui/number@1.1.0': {}

  '@radix-ui/primitive@1.1.0': {}

  '@radix-ui/react-accordion@1.2.0(@types/react@18.3.5)(react-dom@17.0.2(react@17.0.2))(react@17.0.2)':
    dependencies:
      '@radix-ui/primitive': 1.1.0
      '@radix-ui/react-collapsible': 1.1.0(@types/react@18.3.5)(react-dom@17.0.2(react@17.0.2))(react@17.0.2)
      '@radix-ui/react-collection': 1.1.0(@types/react@18.3.5)(react-dom@17.0.2(react@17.0.2))(react@17.0.2)
      '@radix-ui/react-compose-refs': 1.1.0(@types/react@18.3.5)(react@17.0.2)
      '@radix-ui/react-context': 1.1.0(@types/react@18.3.5)(react@17.0.2)
      '@radix-ui/react-direction': 1.1.0(@types/react@18.3.5)(react@17.0.2)
      '@radix-ui/react-id': 1.1.0(@types/react@18.3.5)(react@17.0.2)
      '@radix-ui/react-primitive': 2.0.0(@types/react@18.3.5)(react-dom@17.0.2(react@17.0.2))(react@17.0.2)
      '@radix-ui/react-use-controllable-state': 1.1.0(@types/react@18.3.5)(react@17.0.2)
      react: 17.0.2
      react-dom: 17.0.2(react@17.0.2)
    optionalDependencies:
      '@types/react': 18.3.5

  '@radix-ui/react-arrow@1.1.0(@types/react@18.3.5)(react-dom@17.0.2(react@17.0.2))(react@17.0.2)':
    dependencies:
      '@radix-ui/react-primitive': 2.0.0(@types/react@18.3.5)(react-dom@17.0.2(react@17.0.2))(react@17.0.2)
      react: 17.0.2
      react-dom: 17.0.2(react@17.0.2)
    optionalDependencies:
      '@types/react': 18.3.5

  '@radix-ui/react-collapsible@1.1.0(@types/react@18.3.5)(react-dom@17.0.2(react@17.0.2))(react@17.0.2)':
    dependencies:
      '@radix-ui/primitive': 1.1.0
      '@radix-ui/react-compose-refs': 1.1.0(@types/react@18.3.5)(react@17.0.2)
      '@radix-ui/react-context': 1.1.0(@types/react@18.3.5)(react@17.0.2)
      '@radix-ui/react-id': 1.1.0(@types/react@18.3.5)(react@17.0.2)
      '@radix-ui/react-presence': 1.1.0(@types/react@18.3.5)(react-dom@17.0.2(react@17.0.2))(react@17.0.2)
      '@radix-ui/react-primitive': 2.0.0(@types/react@18.3.5)(react-dom@17.0.2(react@17.0.2))(react@17.0.2)
      '@radix-ui/react-use-controllable-state': 1.1.0(@types/react@18.3.5)(react@17.0.2)
      '@radix-ui/react-use-layout-effect': 1.1.0(@types/react@18.3.5)(react@17.0.2)
      react: 17.0.2
      react-dom: 17.0.2(react@17.0.2)
    optionalDependencies:
      '@types/react': 18.3.5

  '@radix-ui/react-collection@1.1.0(@types/react@18.3.5)(react-dom@17.0.2(react@17.0.2))(react@17.0.2)':
    dependencies:
      '@radix-ui/react-compose-refs': 1.1.0(@types/react@18.3.5)(react@17.0.2)
      '@radix-ui/react-context': 1.1.0(@types/react@18.3.5)(react@17.0.2)
      '@radix-ui/react-primitive': 2.0.0(@types/react@18.3.5)(react-dom@17.0.2(react@17.0.2))(react@17.0.2)
      '@radix-ui/react-slot': 1.1.0(@types/react@18.3.5)(react@17.0.2)
      react: 17.0.2
      react-dom: 17.0.2(react@17.0.2)
    optionalDependencies:
      '@types/react': 18.3.5

  '@radix-ui/react-compose-refs@1.1.0(@types/react@18.3.5)(react@17.0.2)':
    dependencies:
      react: 17.0.2
    optionalDependencies:
      '@types/react': 18.3.5

  '@radix-ui/react-context@1.1.0(@types/react@18.3.5)(react@17.0.2)':
    dependencies:
      react: 17.0.2
    optionalDependencies:
      '@types/react': 18.3.5

  '@radix-ui/react-direction@1.1.0(@types/react@18.3.5)(react@17.0.2)':
    dependencies:
      react: 17.0.2
    optionalDependencies:
      '@types/react': 18.3.5

  '@radix-ui/react-dismissable-layer@1.1.0(@types/react@18.3.5)(react-dom@17.0.2(react@17.0.2))(react@17.0.2)':
    dependencies:
      '@radix-ui/primitive': 1.1.0
      '@radix-ui/react-compose-refs': 1.1.0(@types/react@18.3.5)(react@17.0.2)
      '@radix-ui/react-primitive': 2.0.0(@types/react@18.3.5)(react-dom@17.0.2(react@17.0.2))(react@17.0.2)
      '@radix-ui/react-use-callback-ref': 1.1.0(@types/react@18.3.5)(react@17.0.2)
      '@radix-ui/react-use-escape-keydown': 1.1.0(@types/react@18.3.5)(react@17.0.2)
      react: 17.0.2
      react-dom: 17.0.2(react@17.0.2)
    optionalDependencies:
      '@types/react': 18.3.5

  '@radix-ui/react-focus-guards@1.1.0(@types/react@18.3.5)(react@17.0.2)':
    dependencies:
      react: 17.0.2
    optionalDependencies:
      '@types/react': 18.3.5

  '@radix-ui/react-focus-scope@1.1.0(@types/react@18.3.5)(react-dom@17.0.2(react@17.0.2))(react@17.0.2)':
    dependencies:
      '@radix-ui/react-compose-refs': 1.1.0(@types/react@18.3.5)(react@17.0.2)
      '@radix-ui/react-primitive': 2.0.0(@types/react@18.3.5)(react-dom@17.0.2(react@17.0.2))(react@17.0.2)
      '@radix-ui/react-use-callback-ref': 1.1.0(@types/react@18.3.5)(react@17.0.2)
      react: 17.0.2
      react-dom: 17.0.2(react@17.0.2)
    optionalDependencies:
      '@types/react': 18.3.5

  '@radix-ui/react-icons@1.3.0(react@17.0.2)':
    dependencies:
      react: 17.0.2

  '@radix-ui/react-id@1.1.0(@types/react@18.3.5)(react@17.0.2)':
    dependencies:
      '@radix-ui/react-use-layout-effect': 1.1.0(@types/react@18.3.5)(react@17.0.2)
      react: 17.0.2
    optionalDependencies:
      '@types/react': 18.3.5

  '@radix-ui/react-popper@1.2.0(@types/react@18.3.5)(react-dom@17.0.2(react@17.0.2))(react@17.0.2)':
    dependencies:
      '@floating-ui/react-dom': 2.1.1(react-dom@17.0.2(react@17.0.2))(react@17.0.2)
      '@radix-ui/react-arrow': 1.1.0(@types/react@18.3.5)(react-dom@17.0.2(react@17.0.2))(react@17.0.2)
      '@radix-ui/react-compose-refs': 1.1.0(@types/react@18.3.5)(react@17.0.2)
      '@radix-ui/react-context': 1.1.0(@types/react@18.3.5)(react@17.0.2)
      '@radix-ui/react-primitive': 2.0.0(@types/react@18.3.5)(react-dom@17.0.2(react@17.0.2))(react@17.0.2)
      '@radix-ui/react-use-callback-ref': 1.1.0(@types/react@18.3.5)(react@17.0.2)
      '@radix-ui/react-use-layout-effect': 1.1.0(@types/react@18.3.5)(react@17.0.2)
      '@radix-ui/react-use-rect': 1.1.0(@types/react@18.3.5)(react@17.0.2)
      '@radix-ui/react-use-size': 1.1.0(@types/react@18.3.5)(react@17.0.2)
      '@radix-ui/rect': 1.1.0
      react: 17.0.2
      react-dom: 17.0.2(react@17.0.2)
    optionalDependencies:
      '@types/react': 18.3.5

  '@radix-ui/react-portal@1.1.1(@types/react@18.3.5)(react-dom@17.0.2(react@17.0.2))(react@17.0.2)':
    dependencies:
      '@radix-ui/react-primitive': 2.0.0(@types/react@18.3.5)(react-dom@17.0.2(react@17.0.2))(react@17.0.2)
      '@radix-ui/react-use-layout-effect': 1.1.0(@types/react@18.3.5)(react@17.0.2)
      react: 17.0.2
      react-dom: 17.0.2(react@17.0.2)
    optionalDependencies:
      '@types/react': 18.3.5

  '@radix-ui/react-presence@1.1.0(@types/react@18.3.5)(react-dom@17.0.2(react@17.0.2))(react@17.0.2)':
    dependencies:
      '@radix-ui/react-compose-refs': 1.1.0(@types/react@18.3.5)(react@17.0.2)
      '@radix-ui/react-use-layout-effect': 1.1.0(@types/react@18.3.5)(react@17.0.2)
      react: 17.0.2
      react-dom: 17.0.2(react@17.0.2)
    optionalDependencies:
      '@types/react': 18.3.5

  '@radix-ui/react-primitive@2.0.0(@types/react@18.3.5)(react-dom@17.0.2(react@17.0.2))(react@17.0.2)':
    dependencies:
      '@radix-ui/react-slot': 1.1.0(@types/react@18.3.5)(react@17.0.2)
      react: 17.0.2
      react-dom: 17.0.2(react@17.0.2)
    optionalDependencies:
      '@types/react': 18.3.5

  '@radix-ui/react-scroll-area@1.1.0(@types/react@18.3.5)(react-dom@17.0.2(react@17.0.2))(react@17.0.2)':
    dependencies:
      '@radix-ui/number': 1.1.0
      '@radix-ui/primitive': 1.1.0
      '@radix-ui/react-compose-refs': 1.1.0(@types/react@18.3.5)(react@17.0.2)
      '@radix-ui/react-context': 1.1.0(@types/react@18.3.5)(react@17.0.2)
      '@radix-ui/react-direction': 1.1.0(@types/react@18.3.5)(react@17.0.2)
      '@radix-ui/react-presence': 1.1.0(@types/react@18.3.5)(react-dom@17.0.2(react@17.0.2))(react@17.0.2)
      '@radix-ui/react-primitive': 2.0.0(@types/react@18.3.5)(react-dom@17.0.2(react@17.0.2))(react@17.0.2)
      '@radix-ui/react-use-callback-ref': 1.1.0(@types/react@18.3.5)(react@17.0.2)
      '@radix-ui/react-use-layout-effect': 1.1.0(@types/react@18.3.5)(react@17.0.2)
      react: 17.0.2
      react-dom: 17.0.2(react@17.0.2)
    optionalDependencies:
      '@types/react': 18.3.5

  '@radix-ui/react-select@2.1.1(@types/react@18.3.5)(react-dom@17.0.2(react@17.0.2))(react@17.0.2)':
    dependencies:
      '@radix-ui/number': 1.1.0
      '@radix-ui/primitive': 1.1.0
      '@radix-ui/react-collection': 1.1.0(@types/react@18.3.5)(react-dom@17.0.2(react@17.0.2))(react@17.0.2)
      '@radix-ui/react-compose-refs': 1.1.0(@types/react@18.3.5)(react@17.0.2)
      '@radix-ui/react-context': 1.1.0(@types/react@18.3.5)(react@17.0.2)
      '@radix-ui/react-direction': 1.1.0(@types/react@18.3.5)(react@17.0.2)
      '@radix-ui/react-dismissable-layer': 1.1.0(@types/react@18.3.5)(react-dom@17.0.2(react@17.0.2))(react@17.0.2)
      '@radix-ui/react-focus-guards': 1.1.0(@types/react@18.3.5)(react@17.0.2)
      '@radix-ui/react-focus-scope': 1.1.0(@types/react@18.3.5)(react-dom@17.0.2(react@17.0.2))(react@17.0.2)
      '@radix-ui/react-id': 1.1.0(@types/react@18.3.5)(react@17.0.2)
      '@radix-ui/react-popper': 1.2.0(@types/react@18.3.5)(react-dom@17.0.2(react@17.0.2))(react@17.0.2)
      '@radix-ui/react-portal': 1.1.1(@types/react@18.3.5)(react-dom@17.0.2(react@17.0.2))(react@17.0.2)
      '@radix-ui/react-primitive': 2.0.0(@types/react@18.3.5)(react-dom@17.0.2(react@17.0.2))(react@17.0.2)
      '@radix-ui/react-slot': 1.1.0(@types/react@18.3.5)(react@17.0.2)
      '@radix-ui/react-use-callback-ref': 1.1.0(@types/react@18.3.5)(react@17.0.2)
      '@radix-ui/react-use-controllable-state': 1.1.0(@types/react@18.3.5)(react@17.0.2)
      '@radix-ui/react-use-layout-effect': 1.1.0(@types/react@18.3.5)(react@17.0.2)
      '@radix-ui/react-use-previous': 1.1.0(@types/react@18.3.5)(react@17.0.2)
      '@radix-ui/react-visually-hidden': 1.1.0(@types/react@18.3.5)(react-dom@17.0.2(react@17.0.2))(react@17.0.2)
      aria-hidden: 1.2.4
      react: 17.0.2
      react-dom: 17.0.2(react@17.0.2)
      react-remove-scroll: 2.5.7(@types/react@18.3.5)(react@17.0.2)
    optionalDependencies:
      '@types/react': 18.3.5

  '@radix-ui/react-slot@1.1.0(@types/react@18.3.5)(react@17.0.2)':
    dependencies:
      '@radix-ui/react-compose-refs': 1.1.0(@types/react@18.3.5)(react@17.0.2)
      react: 17.0.2
    optionalDependencies:
      '@types/react': 18.3.5

  '@radix-ui/react-use-callback-ref@1.1.0(@types/react@18.3.5)(react@17.0.2)':
    dependencies:
      react: 17.0.2
    optionalDependencies:
      '@types/react': 18.3.5

  '@radix-ui/react-use-controllable-state@1.1.0(@types/react@18.3.5)(react@17.0.2)':
    dependencies:
      '@radix-ui/react-use-callback-ref': 1.1.0(@types/react@18.3.5)(react@17.0.2)
      react: 17.0.2
    optionalDependencies:
      '@types/react': 18.3.5

  '@radix-ui/react-use-escape-keydown@1.1.0(@types/react@18.3.5)(react@17.0.2)':
    dependencies:
      '@radix-ui/react-use-callback-ref': 1.1.0(@types/react@18.3.5)(react@17.0.2)
      react: 17.0.2
    optionalDependencies:
      '@types/react': 18.3.5

  '@radix-ui/react-use-layout-effect@1.1.0(@types/react@18.3.5)(react@17.0.2)':
    dependencies:
      react: 17.0.2
    optionalDependencies:
      '@types/react': 18.3.5

  '@radix-ui/react-use-previous@1.1.0(@types/react@18.3.5)(react@17.0.2)':
    dependencies:
      react: 17.0.2
    optionalDependencies:
      '@types/react': 18.3.5

  '@radix-ui/react-use-rect@1.1.0(@types/react@18.3.5)(react@17.0.2)':
    dependencies:
      '@radix-ui/rect': 1.1.0
      react: 17.0.2
    optionalDependencies:
      '@types/react': 18.3.5

  '@radix-ui/react-use-size@1.1.0(@types/react@18.3.5)(react@17.0.2)':
    dependencies:
      '@radix-ui/react-use-layout-effect': 1.1.0(@types/react@18.3.5)(react@17.0.2)
      react: 17.0.2
    optionalDependencies:
      '@types/react': 18.3.5

  '@radix-ui/react-visually-hidden@1.1.0(@types/react@18.3.5)(react-dom@17.0.2(react@17.0.2))(react@17.0.2)':
    dependencies:
      '@radix-ui/react-primitive': 2.0.0(@types/react@18.3.5)(react-dom@17.0.2(react@17.0.2))(react@17.0.2)
      react: 17.0.2
      react-dom: 17.0.2(react@17.0.2)
    optionalDependencies:
      '@types/react': 18.3.5

  '@radix-ui/rect@1.1.0': {}

  '@types/prop-types@15.7.12': {}

  '@types/react@18.3.5':
    dependencies:
      '@types/prop-types': 15.7.12
      csstype: 3.1.3

  aria-hidden@1.2.4:
    dependencies:
      tslib: 2.7.0

  class-variance-authority@0.7.0:
    dependencies:
      clsx: 2.0.0

  clsx@2.0.0: {}

  clsx@2.1.1: {}

  csstype@3.1.3: {}

  detect-node-es@1.1.0: {}

  get-nonce@1.0.1: {}

  invariant@2.2.4:
    dependencies:
      loose-envify: 1.4.0

  js-tokens@4.0.0: {}

  loose-envify@1.4.0:
    dependencies:
      js-tokens: 4.0.0

  lucide-react@0.439.0(react@17.0.2):
    dependencies:
      react: 17.0.2

  object-assign@4.1.1: {}

  react-dom@17.0.2(react@17.0.2):
    dependencies:
      loose-envify: 1.4.0
      object-assign: 4.1.1
      react: 17.0.2
      scheduler: 0.20.2

  react-remove-scroll-bar@2.3.6(@types/react@18.3.5)(react@17.0.2):
    dependencies:
      react: 17.0.2
      react-style-singleton: 2.2.1(@types/react@18.3.5)(react@17.0.2)
      tslib: 2.7.0
    optionalDependencies:
      '@types/react': 18.3.5

  react-remove-scroll@2.5.7(@types/react@18.3.5)(react@17.0.2):
    dependencies:
      react: 17.0.2
      react-remove-scroll-bar: 2.3.6(@types/react@18.3.5)(react@17.0.2)
      react-style-singleton: 2.2.1(@types/react@18.3.5)(react@17.0.2)
      tslib: 2.7.0
      use-callback-ref: 1.3.2(@types/react@18.3.5)(react@17.0.2)
      use-sidecar: 1.1.2(@types/react@18.3.5)(react@17.0.2)
    optionalDependencies:
      '@types/react': 18.3.5

  react-style-singleton@2.2.1(@types/react@18.3.5)(react@17.0.2):
    dependencies:
      get-nonce: 1.0.1
      invariant: 2.2.4
      react: 17.0.2
      tslib: 2.7.0
    optionalDependencies:
      '@types/react': 18.3.5

  react@17.0.2:
    dependencies:
      loose-envify: 1.4.0
      object-assign: 4.1.1

  scheduler@0.20.2:
    dependencies:
      loose-envify: 1.4.0
      object-assign: 4.1.1

  tailwind-merge@2.5.2: {}

  tailwindcss-animate@1.0.7: {}

  tslib@2.7.0: {}

  typescript@5.6.2: {}

  use-callback-ref@1.3.2(@types/react@18.3.5)(react@17.0.2):
    dependencies:
      react: 17.0.2
      tslib: 2.7.0
    optionalDependencies:
      '@types/react': 18.3.5

  use-resize-observer@9.1.0(react-dom@17.0.2(react@17.0.2))(react@17.0.2):
    dependencies:
      '@juggle/resize-observer': 3.4.0
      react: 17.0.2
      react-dom: 17.0.2(react@17.0.2)

  use-sidecar@1.1.2(@types/react@18.3.5)(react@17.0.2):
    dependencies:
      detect-node-es: 1.1.0
      react: 17.0.2
      tslib: 2.7.0
    optionalDependencies:
      '@types/react': 18.3.5
